{
  "nodes": {
    "catppuccin": {
      "locked": {
        "lastModified": 1714604961,
        "narHash": "sha256-24nTEDgADAzHP7dAVpCc/aqxyE4ZlTIR3uyj6eetWSM=",
        "owner": "catppuccin",
        "repo": "nix",
        "rev": "ccc188e244e8fb3248e3c8f19f70280076bf1408",
        "type": "github"
      },
      "original": {
        "owner": "catppuccin",
        "repo": "nix",
        "rev": "ccc188e244e8fb3248e3c8f19f70280076bf1408",
        "type": "github"
      }
    },
    "custom": {
      "locked": {
        "lastModified": 1714858996,
        "narHash": "sha256-2WL9F8mUCM1tSyIKM5wRNjFDGeHe983BlVYu4D6erEw=",
        "owner": "codebam",
        "repo": "nixpkgs",
        "rev": "cef87082ef0cc7d6d823c750556004c0d02b7737",
        "type": "github"
      },
      "original": {
        "owner": "codebam",
        "ref": "cef87082ef0cc7d6d823c750556004c0d02b7737",
        "repo": "nixpkgs",
        "type": "github"
      }
    },
    "home-manager": {
      "inputs": {
        "nixpkgs": [
          "nixpkgs"
        ]
      },
      "locked": {
        "lastModified": 1714900398,
        "narHash": "sha256-H7XYHpjk1G6dkA3AnbYrKtaTFjcCE7ul6nUVlVQxtsA=",
        "owner": "nix-community",
        "repo": "home-manager",
        "rev": "fdaaf543bad047639ef0b356ea2e6caec2f1215c",
        "type": "github"
      },
      "original": {
        "owner": "nix-community",
        "repo": "home-manager",
        "type": "github"
      }
    },
    "nixpkgs": {
      "locked": {
        "lastModified": 1714880345,
        "narHash": "sha256-65MsLWEFb6LzWM74yULspcWmzyU3wj30y18NgApcVQU=",
        "owner": "nixos",
        "repo": "nixpkgs",
        "rev": "3c7aa07f180ea32026c7c708fcfee6a2448f773a",
        "type": "github"
      },
      "original": {
        "owner": "nixos",
        "ref": "nixos-unstable-small",
        "repo": "nixpkgs",
        "type": "github"
      }
    },
    "root": {
      "inputs": {
        "catppuccin": "catppuccin",
        "custom": "custom",
        "home-manager": "home-manager",
        "nixpkgs": "nixpkgs"
      }
    }
  },
  "root": "root",
  "version": 7
}
